
Microsoft Visual Studio Solution File, Format Version 12.00
# Visual Studio Version 16
VisualStudioVersion = 16.0.32002.261
MinimumVisualStudioVersion = 10.0.40219.1
Project("{FAE04EC0-301F-11D3-BF4B-00C04F79EFBC}") = "AppActionActivity", "AppActionActivity\AppActionActivity.csproj", "{071E4789-03D0-4633-9B9B-95CC3CD0148B}"
EndProject
Global
	GlobalSection(SolutionConfigurationPlatforms) = preSolution
		Debug|Any CPU = Debug|Any CPU
		Release|Any CPU = Release|Any CPU
	EndGlobalSection
	GlobalSection(ProjectConfigurationPlatforms) = postSolution
		{071E4789-03D0-4633-9B9B-95CC3CD0148B}.Debug|Any CPU.ActiveCfg = Debug|Any CPU
		{071E4789-03D0-4633-9B9B-95CC3CD0148B}.Debug|Any CPU.Build.0 = Debug|Any CPU
		{071E4789-03D0-4633-9B9B-95CC3CD0148B}.Debug|Any CPU.Deploy.0 = Debug|Any CPU
		{071E4789-03D0-4633-9B9B-95CC3CD0148B}.Release|Any CPU.ActiveCfg = Release|Any CPU
		{071E4789-03D0-4633-9B9B-95CC3CD0148B}.Release|Any CPU.Build.0 = Release|Any CPU
		{071E4789-03D0-4633-9B9B-95CC3CD0148B}.Release|Any CPU.Deploy.0 = Release|Any CPU
	EndGlobalSection
	GlobalSection(SolutionProperties) = preSolution
		HideSolutionNode = FALSE
	EndGlobalSection
	GlobalSection(ExtensibilityGlobals) = postSolution
		SolutionGuid = {F861A250-435B-47C5-B928-17C3184EDFD0}
	EndGlobalSection
EndGlobal
